
Microsoft Visual Studio Solution File, Format Version 12.00
# Visual Studio 15
VisualStudioVersion = 15.0.27004.2006
MinimumVisualStudioVersion = 10.0.40219.1
Project("{FAE04EC0-301F-11D3-BF4B-00C04F79EFBC}") = "TrainingSystem", "TrainingSystem\TrainingSystem.csproj", "{27F5E01E-C656-4CF7-AA26-A828F838DE5E}"
EndProject
Global
	GlobalSection(SolutionConfigurationPlatforms) = preSolution
		Debug|Any CPU = Debug|Any CPU
		Release|Any CPU = Release|Any CPU
	EndGlobalSection
	GlobalSection(ProjectConfigurationPlatforms) = postSolution
		{27F5E01E-C656-4CF7-AA26-A828F838DE5E}.Debug|Any CPU.ActiveCfg = Debug|Any CPU
		{27F5E01E-C656-4CF7-AA26-A828F838DE5E}.Debug|Any CPU.Build.0 = Debug|Any CPU
		{27F5E01E-C656-4CF7-AA26-A828F838DE5E}.Release|Any CPU.ActiveCfg = Release|Any CPU
		{27F5E01E-C656-4CF7-AA26-A828F838DE5E}.Release|Any CPU.Build.0 = Release|Any CPU
	EndGlobalSection
	GlobalSection(SolutionProperties) = preSolution
		HideSolutionNode = FALSE
	EndGlobalSection
	GlobalSection(ExtensibilityGlobals) = postSolution
		SolutionGuid = {666B8B06-DE0C-4857-8D08-253180AFFC56}
	EndGlobalSection
EndGlobal
